// !$*UTF8*$!
{
	archiveVersion = 1;
	classes = {
	};
	objectVersion = 46;
	objects = {

/* Begin PBXBuildFile section */
		6BBE85AF45A59AAFF4E7A1F1 /* Pods_PangeaMediaPickerUITests.framework in Frameworks */ = {isa = PBXBuildFile; fileRef = B921A7A1D2C1D6478604D80A /* Pods_PangeaMediaPickerUITests.framework */; };
		98438AEC8A3B7C8A84C9B44D /* Pods_PangeaMediaPickerTests.framework in Frameworks */ = {isa = PBXBuildFile; fileRef = FD5C512FB1C4BBA66AEC73B8 /* Pods_PangeaMediaPickerTests.framework */; };
		CF02F2C91F60F2A500403583 /* MediaPickerViewController.swift in Sources */ = {isa = PBXBuildFile; fileRef = CF02F2C11F60F2A500403583 /* MediaPickerViewController.swift */; };
		CF02F2CB1F60F2A500403583 /* AlbumListViewCell.swift in Sources */ = {isa = PBXBuildFile; fileRef = CF02F2C41F60F2A500403583 /* AlbumListViewCell.swift */; };
		CF02F2CC1F60F2A500403583 /* BrowserCell.swift in Sources */ = {isa = PBXBuildFile; fileRef = CF02F2C51F60F2A500403583 /* BrowserCell.swift */; };
		CF02F2CD1F60F2A500403583 /* GridViewCell.swift in Sources */ = {isa = PBXBuildFile; fileRef = CF02F2C61F60F2A500403583 /* GridViewCell.swift */; };
		CF02F2D41F628EB700403583 /* ImagePicker.storyboard in Resources */ = {isa = PBXBuildFile; fileRef = CF02F2D31F628EB700403583 /* ImagePicker.storyboard */; };
		CF3AC2F71F6F9BCE0071AB08 /* MediaPickerViewControllerExtension.swift in Sources */ = {isa = PBXBuildFile; fileRef = CF3AC2F61F6F9BCE0071AB08 /* MediaPickerViewControllerExtension.swift */; };
		CF8F9E201F5413A800B773C4 /* AppDelegate.swift in Sources */ = {isa = PBXBuildFile; fileRef = CF8F9E1F1F5413A800B773C4 /* AppDelegate.swift */; };
		CF8F9E221F5413A800B773C4 /* ViewController.swift in Sources */ = {isa = PBXBuildFile; fileRef = CF8F9E211F5413A800B773C4 /* ViewController.swift */; };
		CF8F9E251F5413A800B773C4 /* Main.storyboard in Resources */ = {isa = PBXBuildFile; fileRef = CF8F9E231F5413A800B773C4 /* Main.storyboard */; };
		CF8F9E271F5413A800B773C4 /* Assets.xcassets in Resources */ = {isa = PBXBuildFile; fileRef = CF8F9E261F5413A800B773C4 /* Assets.xcassets */; };
		CF8F9E2A1F5413A800B773C4 /* LaunchScreen.storyboard in Resources */ = {isa = PBXBuildFile; fileRef = CF8F9E281F5413A800B773C4 /* LaunchScreen.storyboard */; };
		CF8F9E351F5413A800B773C4 /* PangeaMediaPickerTests.swift in Sources */ = {isa = PBXBuildFile; fileRef = CF8F9E341F5413A800B773C4 /* PangeaMediaPickerTests.swift */; };
		CF8F9E401F5413A900B773C4 /* PangeaMediaPickerUITests.swift in Sources */ = {isa = PBXBuildFile; fileRef = CF8F9E3F1F5413A900B773C4 /* PangeaMediaPickerUITests.swift */; };
		CFB21CE21F7A2A590091DEFD /* BrowserViewController.swift in Sources */ = {isa = PBXBuildFile; fileRef = CFB21CE11F7A2A590091DEFD /* BrowserViewController.swift */; };
		D52085095C746DE7D1E748F9 /* Pods_PangeaMediaPicker.framework in Frameworks */ = {isa = PBXBuildFile; fileRef = 44F6ED6CF85A49404F94B226 /* Pods_PangeaMediaPicker.framework */; };
/* End PBXBuildFile section */

/* Begin PBXContainerItemProxy section */
		CF8F9E311F5413A800B773C4 /* PBXContainerItemProxy */ = {
			isa = PBXContainerItemProxy;
			containerPortal = CF8F9E141F5413A800B773C4 /* Project object */;
			proxyType = 1;
			remoteGlobalIDString = CF8F9E1B1F5413A800B773C4;
			remoteInfo = PangeaMediaPicker;
		};
		CF8F9E3C1F5413A900B773C4 /* PBXContainerItemProxy */ = {
			isa = PBXContainerItemProxy;
			containerPortal = CF8F9E141F5413A800B773C4 /* Project object */;
			proxyType = 1;
			remoteGlobalIDString = CF8F9E1B1F5413A800B773C4;
			remoteInfo = PangeaMediaPicker;
		};
/* End PBXContainerItemProxy section */

/* Begin PBXFileReference section */
		22AC93AC5EFA433303696F31 /* Pods-PangeaMediaPicker.debug.xcconfig */ = {isa = PBXFileReference; includeInIndex = 1; lastKnownFileType = text.xcconfig; name = "Pods-PangeaMediaPicker.debug.xcconfig"; path = "Pods/Target Support Files/Pods-PangeaMediaPicker/Pods-PangeaMediaPicker.debug.xcconfig"; sourceTree = "<group>"; };
		44F6ED6CF85A49404F94B226 /* Pods_PangeaMediaPicker.framework */ = {isa = PBXFileReference; explicitFileType = wrapper.framework; includeInIndex = 0; path = Pods_PangeaMediaPicker.framework; sourceTree = BUILT_PRODUCTS_DIR; };
		58E1030009F20F96A5DEE47F /* Pods-PangeaMediaPickerUITests.debug.xcconfig */ = {isa = PBXFileReference; includeInIndex = 1; lastKnownFileType = text.xcconfig; name = "Pods-PangeaMediaPickerUITests.debug.xcconfig"; path = "Pods/Target Support Files/Pods-PangeaMediaPickerUITests/Pods-PangeaMediaPickerUITests.debug.xcconfig"; sourceTree = "<group>"; };
		A1AAF0CE7EE4EFFC5466D22B /* Pods-PangeaMediaPicker.release.xcconfig */ = {isa = PBXFileReference; includeInIndex = 1; lastKnownFileType = text.xcconfig; name = "Pods-PangeaMediaPicker.release.xcconfig"; path = "Pods/Target Support Files/Pods-PangeaMediaPicker/Pods-PangeaMediaPicker.release.xcconfig"; sourceTree = "<group>"; };
		B921A7A1D2C1D6478604D80A /* Pods_PangeaMediaPickerUITests.framework */ = {isa = PBXFileReference; explicitFileType = wrapper.framework; includeInIndex = 0; path = Pods_PangeaMediaPickerUITests.framework; sourceTree = BUILT_PRODUCTS_DIR; };
		C465B0BCFE97BD481C587250 /* Pods-PangeaMediaPickerTests.debug.xcconfig */ = {isa = PBXFileReference; includeInIndex = 1; lastKnownFileType = text.xcconfig; name = "Pods-PangeaMediaPickerTests.debug.xcconfig"; path = "Pods/Target Support Files/Pods-PangeaMediaPickerTests/Pods-PangeaMediaPickerTests.debug.xcconfig"; sourceTree = "<group>"; };
		CF02F2C11F60F2A500403583 /* MediaPickerViewController.swift */ = {isa = PBXFileReference; fileEncoding = 4; lastKnownFileType = sourcecode.swift; path = MediaPickerViewController.swift; sourceTree = "<group>"; };
		CF02F2C41F60F2A500403583 /* AlbumListViewCell.swift */ = {isa = PBXFileReference; fileEncoding = 4; lastKnownFileType = sourcecode.swift; path = AlbumListViewCell.swift; sourceTree = "<group>"; };
		CF02F2C51F60F2A500403583 /* BrowserCell.swift */ = {isa = PBXFileReference; fileEncoding = 4; lastKnownFileType = sourcecode.swift; path = BrowserCell.swift; sourceTree = "<group>"; };
		CF02F2C61F60F2A500403583 /* GridViewCell.swift */ = {isa = PBXFileReference; fileEncoding = 4; lastKnownFileType = sourcecode.swift; path = GridViewCell.swift; sourceTree = "<group>"; };
		CF02F2D31F628EB700403583 /* ImagePicker.storyboard */ = {isa = PBXFileReference; fileEncoding = 4; lastKnownFileType = file.storyboard; path = ImagePicker.storyboard; sourceTree = "<group>"; };
		CF3AC2F61F6F9BCE0071AB08 /* MediaPickerViewControllerExtension.swift */ = {isa = PBXFileReference; fileEncoding = 4; lastKnownFileType = sourcecode.swift; path = MediaPickerViewControllerExtension.swift; sourceTree = "<group>"; };
		CF8F9E1C1F5413A800B773C4 /* PangeaMediaPicker.app */ = {isa = PBXFileReference; explicitFileType = wrapper.application; includeInIndex = 0; path = PangeaMediaPicker.app; sourceTree = BUILT_PRODUCTS_DIR; };
		CF8F9E1F1F5413A800B773C4 /* AppDelegate.swift */ = {isa = PBXFileReference; lastKnownFileType = sourcecode.swift; path = AppDelegate.swift; sourceTree = "<group>"; };
		CF8F9E211F5413A800B773C4 /* ViewController.swift */ = {isa = PBXFileReference; lastKnownFileType = sourcecode.swift; path = ViewController.swift; sourceTree = "<group>"; };
		CF8F9E241F5413A800B773C4 /* Base */ = {isa = PBXFileReference; lastKnownFileType = file.storyboard; name = Base; path = Base.lproj/Main.storyboard; sourceTree = "<group>"; };
		CF8F9E261F5413A800B773C4 /* Assets.xcassets */ = {isa = PBXFileReference; lastKnownFileType = folder.assetcatalog; path = Assets.xcassets; sourceTree = "<group>"; };
		CF8F9E291F5413A800B773C4 /* Base */ = {isa = PBXFileReference; lastKnownFileType = file.storyboard; name = Base; path = Base.lproj/LaunchScreen.storyboard; sourceTree = "<group>"; };
		CF8F9E2B1F5413A800B773C4 /* Info.plist */ = {isa = PBXFileReference; lastKnownFileType = text.plist.xml; path = Info.plist; sourceTree = "<group>"; };
		CF8F9E301F5413A800B773C4 /* PangeaMediaPickerTests.xctest */ = {isa = PBXFileReference; explicitFileType = wrapper.cfbundle; includeInIndex = 0; path = PangeaMediaPickerTests.xctest; sourceTree = BUILT_PRODUCTS_DIR; };
		CF8F9E341F5413A800B773C4 /* PangeaMediaPickerTests.swift */ = {isa = PBXFileReference; lastKnownFileType = sourcecode.swift; path = PangeaMediaPickerTests.swift; sourceTree = "<group>"; };
		CF8F9E361F5413A900B773C4 /* Info.plist */ = {isa = PBXFileReference; lastKnownFileType = text.plist.xml; path = Info.plist; sourceTree = "<group>"; };
		CF8F9E3B1F5413A900B773C4 /* PangeaMediaPickerUITests.xctest */ = {isa = PBXFileReference; explicitFileType = wrapper.cfbundle; includeInIndex = 0; path = PangeaMediaPickerUITests.xctest; sourceTree = BUILT_PRODUCTS_DIR; };
		CF8F9E3F1F5413A900B773C4 /* PangeaMediaPickerUITests.swift */ = {isa = PBXFileReference; lastKnownFileType = sourcecode.swift; path = PangeaMediaPickerUITests.swift; sourceTree = "<group>"; };
		CF8F9E411F5413A900B773C4 /* Info.plist */ = {isa = PBXFileReference; lastKnownFileType = text.plist.xml; path = Info.plist; sourceTree = "<group>"; };
		CFB21CE11F7A2A590091DEFD /* BrowserViewController.swift */ = {isa = PBXFileReference; lastKnownFileType = sourcecode.swift; path = BrowserViewController.swift; sourceTree = "<group>"; };
		DF5ABB3683731835766D92E1 /* Pods-PangeaMediaPickerTests.release.xcconfig */ = {isa = PBXFileReference; includeInIndex = 1; lastKnownFileType = text.xcconfig; name = "Pods-PangeaMediaPickerTests.release.xcconfig"; path = "Pods/Target Support Files/Pods-PangeaMediaPickerTests/Pods-PangeaMediaPickerTests.release.xcconfig"; sourceTree = "<group>"; };
		E36A646549F0D7FE063C6385 /* Pods-PangeaMediaPickerUITests.release.xcconfig */ = {isa = PBXFileReference; includeInIndex = 1; lastKnownFileType = text.xcconfig; name = "Pods-PangeaMediaPickerUITests.release.xcconfig"; path = "Pods/Target Support Files/Pods-PangeaMediaPickerUITests/Pods-PangeaMediaPickerUITests.release.xcconfig"; sourceTree = "<group>"; };
		FD5C512FB1C4BBA66AEC73B8 /* Pods_PangeaMediaPickerTests.framework */ = {isa = PBXFileReference; explicitFileType = wrapper.framework; includeInIndex = 0; path = Pods_PangeaMediaPickerTests.framework; sourceTree = BUILT_PRODUCTS_DIR; };
/* End PBXFileReference section */

/* Begin PBXFrameworksBuildPhase section */
		CF8F9E191F5413A800B773C4 /* Frameworks */ = {
			isa = PBXFrameworksBuildPhase;
			buildActionMask = 2147483647;
			files = (
				D52085095C746DE7D1E748F9 /* Pods_PangeaMediaPicker.framework in Frameworks */,
			);
			runOnlyForDeploymentPostprocessing = 0;
		};
		CF8F9E2D1F5413A800B773C4 /* Frameworks */ = {
			isa = PBXFrameworksBuildPhase;
			buildActionMask = 2147483647;
			files = (
				98438AEC8A3B7C8A84C9B44D /* Pods_PangeaMediaPickerTests.framework in Frameworks */,
			);
			runOnlyForDeploymentPostprocessing = 0;
		};
		CF8F9E381F5413A900B773C4 /* Frameworks */ = {
			isa = PBXFrameworksBuildPhase;
			buildActionMask = 2147483647;
			files = (
				6BBE85AF45A59AAFF4E7A1F1 /* Pods_PangeaMediaPickerUITests.framework in Frameworks */,
			);
			runOnlyForDeploymentPostprocessing = 0;
		};
/* End PBXFrameworksBuildPhase section */

/* Begin PBXGroup section */
		CF02F2BF1F60F2A500403583 /* ImagePicker */ = {
			isa = PBXGroup;
			children = (
				CF02F2C11F60F2A500403583 /* MediaPickerViewController.swift */,
				CFB21CE11F7A2A590091DEFD /* BrowserViewController.swift */,
				CF3AC2F61F6F9BCE0071AB08 /* MediaPickerViewControllerExtension.swift */,
				CF02F2D31F628EB700403583 /* ImagePicker.storyboard */,
				CF02F2C31F60F2A500403583 /* View */,
			);
			path = ImagePicker;
			sourceTree = "<group>";
		};
		CF02F2C31F60F2A500403583 /* View */ = {
			isa = PBXGroup;
			children = (
				CF02F2C41F60F2A500403583 /* AlbumListViewCell.swift */,
				CF02F2C51F60F2A500403583 /* BrowserCell.swift */,
				CF02F2C61F60F2A500403583 /* GridViewCell.swift */,
			);
			path = View;
			sourceTree = "<group>";
		};
		CF8F9E131F5413A800B773C4 = {
			isa = PBXGroup;
			children = (
				CF8F9E1E1F5413A800B773C4 /* PangeaMediaPicker */,
				CF8F9E331F5413A800B773C4 /* PangeaMediaPickerTests */,
				CF8F9E3E1F5413A900B773C4 /* PangeaMediaPickerUITests */,
				CF8F9E1D1F5413A800B773C4 /* Products */,
				F80F348AA46AB877F674E702 /* Pods */,
				E981329EB66A89C05758BA79 /* Frameworks */,
			);
			sourceTree = "<group>";
		};
		CF8F9E1D1F5413A800B773C4 /* Products */ = {
			isa = PBXGroup;
			children = (
				CF8F9E1C1F5413A800B773C4 /* PangeaMediaPicker.app */,
				CF8F9E301F5413A800B773C4 /* PangeaMediaPickerTests.xctest */,
				CF8F9E3B1F5413A900B773C4 /* PangeaMediaPickerUITests.xctest */,
			);
			name = Products;
			sourceTree = "<group>";
		};
		CF8F9E1E1F5413A800B773C4 /* PangeaMediaPicker */ = {
			isa = PBXGroup;
			children = (
				CF02F2BF1F60F2A500403583 /* ImagePicker */,
				CF8F9E1F1F5413A800B773C4 /* AppDelegate.swift */,
				CF8F9E211F5413A800B773C4 /* ViewController.swift */,
				CF8F9E231F5413A800B773C4 /* Main.storyboard */,
				CF8F9E261F5413A800B773C4 /* Assets.xcassets */,
				CF8F9E281F5413A800B773C4 /* LaunchScreen.storyboard */,
				CF8F9E2B1F5413A800B773C4 /* Info.plist */,
			);
			path = PangeaMediaPicker;
			sourceTree = "<group>";
		};
		CF8F9E331F5413A800B773C4 /* PangeaMediaPickerTests */ = {
			isa = PBXGroup;
			children = (
				CF8F9E341F5413A800B773C4 /* PangeaMediaPickerTests.swift */,
				CF8F9E361F5413A900B773C4 /* Info.plist */,
			);
			path = PangeaMediaPickerTests;
			sourceTree = "<group>";
		};
		CF8F9E3E1F5413A900B773C4 /* PangeaMediaPickerUITests */ = {
			isa = PBXGroup;
			children = (
				CF8F9E3F1F5413A900B773C4 /* PangeaMediaPickerUITests.swift */,
				CF8F9E411F5413A900B773C4 /* Info.plist */,
			);
			path = PangeaMediaPickerUITests;
			sourceTree = "<group>";
		};
		E981329EB66A89C05758BA79 /* Frameworks */ = {
			isa = PBXGroup;
			children = (
				44F6ED6CF85A49404F94B226 /* Pods_PangeaMediaPicker.framework */,
				FD5C512FB1C4BBA66AEC73B8 /* Pods_PangeaMediaPickerTests.framework */,
				B921A7A1D2C1D6478604D80A /* Pods_PangeaMediaPickerUITests.framework */,
			);
			name = Frameworks;
			sourceTree = "<group>";
		};
		F80F348AA46AB877F674E702 /* Pods */ = {
			isa = PBXGroup;
			children = (
				22AC93AC5EFA433303696F31 /* Pods-PangeaMediaPicker.debug.xcconfig */,
				A1AAF0CE7EE4EFFC5466D22B /* Pods-PangeaMediaPicker.release.xcconfig */,
				C465B0BCFE97BD481C587250 /* Pods-PangeaMediaPickerTests.debug.xcconfig */,
				DF5ABB3683731835766D92E1 /* Pods-PangeaMediaPickerTests.release.xcconfig */,
				58E1030009F20F96A5DEE47F /* Pods-PangeaMediaPickerUITests.debug.xcconfig */,
				E36A646549F0D7FE063C6385 /* Pods-PangeaMediaPickerUITests.release.xcconfig */,
			);
			name = Pods;
			sourceTree = "<group>";
		};
/* End PBXGroup section */

/* Begin PBXNativeTarget section */
		CF8F9E1B1F5413A800B773C4 /* PangeaMediaPicker */ = {
			isa = PBXNativeTarget;
			buildConfigurationList = CF8F9E441F5413A900B773C4 /* Build configuration list for PBXNativeTarget "PangeaMediaPicker" */;
			buildPhases = (
				C48D0F505C2D9EE9DDBCCB75 /* [CP] Check Pods Manifest.lock */,
				CF8F9E181F5413A800B773C4 /* Sources */,
				CF8F9E191F5413A800B773C4 /* Frameworks */,
				CF8F9E1A1F5413A800B773C4 /* Resources */,
				C0F8AAEE1F612DC10034A3C3 /* Run Script ScriptLint */,
				50431C513CDB9FBE2B7E483A /* [CP] Embed Pods Frameworks */,
				C2B14C78F626DBA093ED20CB /* [CP] Copy Pods Resources */,
			);
			buildRules = (
			);
			dependencies = (
			);
			name = PangeaMediaPicker;
			productName = PangeaMediaPicker;
			productReference = CF8F9E1C1F5413A800B773C4 /* PangeaMediaPicker.app */;
			productType = "com.apple.product-type.application";
		};
		CF8F9E2F1F5413A800B773C4 /* PangeaMediaPickerTests */ = {
			isa = PBXNativeTarget;
			buildConfigurationList = CF8F9E471F5413A900B773C4 /* Build configuration list for PBXNativeTarget "PangeaMediaPickerTests" */;
			buildPhases = (
				F049C94C9145BC3BF20F2E36 /* [CP] Check Pods Manifest.lock */,
				CF8F9E2C1F5413A800B773C4 /* Sources */,
				CF8F9E2D1F5413A800B773C4 /* Frameworks */,
				CF8F9E2E1F5413A800B773C4 /* Resources */,
				6905C56FE93295725A8163F3 /* [CP] Embed Pods Frameworks */,
				8D9A31709770D19C3CBBF2A2 /* [CP] Copy Pods Resources */,
			);
			buildRules = (
			);
			dependencies = (
				CF8F9E321F5413A800B773C4 /* PBXTargetDependency */,
			);
			name = PangeaMediaPickerTests;
			productName = PangeaMediaPickerTests;
			productReference = CF8F9E301F5413A800B773C4 /* PangeaMediaPickerTests.xctest */;
			productType = "com.apple.product-type.bundle.unit-test";
		};
		CF8F9E3A1F5413A900B773C4 /* PangeaMediaPickerUITests */ = {
			isa = PBXNativeTarget;
			buildConfigurationList = CF8F9E4A1F5413A900B773C4 /* Build configuration list for PBXNativeTarget "PangeaMediaPickerUITests" */;
			buildPhases = (
				6A9C5A48722836E1973956BB /* [CP] Check Pods Manifest.lock */,
				CF8F9E371F5413A900B773C4 /* Sources */,
				CF8F9E381F5413A900B773C4 /* Frameworks */,
				CF8F9E391F5413A900B773C4 /* Resources */,
				5E332710FA799254AF794DC0 /* [CP] Embed Pods Frameworks */,
				7B22869A3F9DCF7D85E4F1DE /* [CP] Copy Pods Resources */,
			);
			buildRules = (
			);
			dependencies = (
				CF8F9E3D1F5413A900B773C4 /* PBXTargetDependency */,
			);
			name = PangeaMediaPickerUITests;
			productName = PangeaMediaPickerUITests;
			productReference = CF8F9E3B1F5413A900B773C4 /* PangeaMediaPickerUITests.xctest */;
			productType = "com.apple.product-type.bundle.ui-testing";
		};
/* End PBXNativeTarget section */

/* Begin PBXProject section */
		CF8F9E141F5413A800B773C4 /* Project object */ = {
			isa = PBXProject;
			attributes = {
				LastSwiftUpdateCheck = 0830;
				LastUpgradeCheck = 0900;
				ORGANIZATIONNAME = "Roger Li";
				TargetAttributes = {
					CF8F9E1B1F5413A800B773C4 = {
						CreatedOnToolsVersion = 8.3.3;
						DevelopmentTeam = R52VREQE88;
						LastSwiftMigration = 0900;
						ProvisioningStyle = Automatic;
					};
					CF8F9E2F1F5413A800B773C4 = {
						CreatedOnToolsVersion = 8.3.3;
						DevelopmentTeam = 3Z6QJG39W3;
						LastSwiftMigration = 0900;
						ProvisioningStyle = Automatic;
						TestTargetID = CF8F9E1B1F5413A800B773C4;
					};
					CF8F9E3A1F5413A900B773C4 = {
						CreatedOnToolsVersion = 8.3.3;
						DevelopmentTeam = 3Z6QJG39W3;
						LastSwiftMigration = 0900;
						ProvisioningStyle = Automatic;
						TestTargetID = CF8F9E1B1F5413A800B773C4;
					};
				};
			};
			buildConfigurationList = CF8F9E171F5413A800B773C4 /* Build configuration list for PBXProject "PangeaMediaPicker" */;
			compatibilityVersion = "Xcode 3.2";
			developmentRegion = English;
			hasScannedForEncodings = 0;
			knownRegions = (
				en,
				Base,
			);
			mainGroup = CF8F9E131F5413A800B773C4;
			productRefGroup = CF8F9E1D1F5413A800B773C4 /* Products */;
			projectDirPath = "";
			projectRoot = "";
			targets = (
				CF8F9E1B1F5413A800B773C4 /* PangeaMediaPicker */,
				CF8F9E2F1F5413A800B773C4 /* PangeaMediaPickerTests */,
				CF8F9E3A1F5413A900B773C4 /* PangeaMediaPickerUITests */,
			);
		};
/* End PBXProject section */

/* Begin PBXResourcesBuildPhase section */
		CF8F9E1A1F5413A800B773C4 /* Resources */ = {
			isa = PBXResourcesBuildPhase;
			buildActionMask = 2147483647;
			files = (
				CF8F9E2A1F5413A800B773C4 /* LaunchScreen.storyboard in Resources */,
				CF8F9E271F5413A800B773C4 /* Assets.xcassets in Resources */,
				CF02F2D41F628EB700403583 /* ImagePicker.storyboard in Resources */,
				CF8F9E251F5413A800B773C4 /* Main.storyboard in Resources */,
			);
			runOnlyForDeploymentPostprocessing = 0;
		};
		CF8F9E2E1F5413A800B773C4 /* Resources */ = {
			isa = PBXResourcesBuildPhase;
			buildActionMask = 2147483647;
			files = (
			);
			runOnlyForDeploymentPostprocessing = 0;
		};
		CF8F9E391F5413A900B773C4 /* Resources */ = {
			isa = PBXResourcesBuildPhase;
			buildActionMask = 2147483647;
			files = (
			);
			runOnlyForDeploymentPostprocessing = 0;
		};
/* End PBXResourcesBuildPhase section */

/* Begin PBXShellScriptBuildPhase section */
		50431C513CDB9FBE2B7E483A /* [CP] Embed Pods Frameworks */ = {
			isa = PBXShellScriptBuildPhase;
			buildActionMask = 2147483647;
			files = (
			);
			inputPaths = (
			);
			name = "[CP] Embed Pods Frameworks";
			outputPaths = (
			);
			runOnlyForDeploymentPostprocessing = 0;
			shellPath = /bin/sh;
			shellScript = "\"${SRCROOT}/Pods/Target Support Files/Pods-PangeaMediaPicker/Pods-PangeaMediaPicker-frameworks.sh\"\n";
			showEnvVarsInLog = 0;
		};
		5E332710FA799254AF794DC0 /* [CP] Embed Pods Frameworks */ = {
			isa = PBXShellScriptBuildPhase;
			buildActionMask = 2147483647;
			files = (
			);
			inputPaths = (
			);
			name = "[CP] Embed Pods Frameworks";
			outputPaths = (
			);
			runOnlyForDeploymentPostprocessing = 0;
			shellPath = /bin/sh;
			shellScript = "\"${SRCROOT}/Pods/Target Support Files/Pods-PangeaMediaPickerUITests/Pods-PangeaMediaPickerUITests-frameworks.sh\"\n";
			showEnvVarsInLog = 0;
		};
		6905C56FE93295725A8163F3 /* [CP] Embed Pods Frameworks */ = {
			isa = PBXShellScriptBuildPhase;
			buildActionMask = 2147483647;
			files = (
			);
			inputPaths = (
			);
			name = "[CP] Embed Pods Frameworks";
			outputPaths = (
			);
			runOnlyForDeploymentPostprocessing = 0;
			shellPath = /bin/sh;
			shellScript = "\"${SRCROOT}/Pods/Target Support Files/Pods-PangeaMediaPickerTests/Pods-PangeaMediaPickerTests-frameworks.sh\"\n";
			showEnvVarsInLog = 0;
		};
		6A9C5A48722836E1973956BB /* [CP] Check Pods Manifest.lock */ = {
			isa = PBXShellScriptBuildPhase;
			buildActionMask = 2147483647;
			files = (
			);
			inputPaths = (
				"${PODS_PODFILE_DIR_PATH}/Podfile.lock",
				"${PODS_ROOT}/Manifest.lock",
			);
			name = "[CP] Check Pods Manifest.lock";
			outputPaths = (
				"$(DERIVED_FILE_DIR)/Pods-PangeaMediaPickerUITests-checkManifestLockResult.txt",
			);
			runOnlyForDeploymentPostprocessing = 0;
			shellPath = /bin/sh;
			shellScript = "diff \"${PODS_PODFILE_DIR_PATH}/Podfile.lock\" \"${PODS_ROOT}/Manifest.lock\" > /dev/null\nif [ $? != 0 ] ; then\n    # print error to STDERR\n    echo \"error: The sandbox is not in sync with the Podfile.lock. Run 'pod install' or update your CocoaPods installation.\" >&2\n    exit 1\nfi\n# This output is used by Xcode 'outputs' to avoid re-running this script phase.\necho \"SUCCESS\" > \"${SCRIPT_OUTPUT_FILE_0}\"\n";
			showEnvVarsInLog = 0;
		};
		7B22869A3F9DCF7D85E4F1DE /* [CP] Copy Pods Resources */ = {
			isa = PBXShellScriptBuildPhase;
			buildActionMask = 2147483647;
			files = (
			);
			inputPaths = (
			);
			name = "[CP] Copy Pods Resources";
			outputPaths = (
			);
			runOnlyForDeploymentPostprocessing = 0;
			shellPath = /bin/sh;
			shellScript = "\"${SRCROOT}/Pods/Target Support Files/Pods-PangeaMediaPickerUITests/Pods-PangeaMediaPickerUITests-resources.sh\"\n";
			showEnvVarsInLog = 0;
		};
		8D9A31709770D19C3CBBF2A2 /* [CP] Copy Pods Resources */ = {
			isa = PBXShellScriptBuildPhase;
			buildActionMask = 2147483647;
			files = (
			);
			inputPaths = (
			);
			name = "[CP] Copy Pods Resources";
			outputPaths = (
			);
			runOnlyForDeploymentPostprocessing = 0;
			shellPath = /bin/sh;
			shellScript = "\"${SRCROOT}/Pods/Target Support Files/Pods-PangeaMediaPickerTests/Pods-PangeaMediaPickerTests-resources.sh\"\n";
			showEnvVarsInLog = 0;
		};
		C0F8AAEE1F612DC10034A3C3 /* Run Script ScriptLint */ = {
			isa = PBXShellScriptBuildPhase;
			buildActionMask = 2147483647;
			files = (
			);
			inputPaths = (
			);
			name = "Run Script ScriptLint";
			outputPaths = (
			);
			runOnlyForDeploymentPostprocessing = 0;
			shellPath = /bin/sh;
			shellScript = "\"${PODS_ROOT}/SwiftLint/swiftlint\"\npwd\n";
		};
		C2B14C78F626DBA093ED20CB /* [CP] Copy Pods Resources */ = {
			isa = PBXShellScriptBuildPhase;
			buildActionMask = 2147483647;
			files = (
			);
			inputPaths = (
			);
			name = "[CP] Copy Pods Resources";
			outputPaths = (
			);
			runOnlyForDeploymentPostprocessing = 0;
			shellPath = /bin/sh;
			shellScript = "\"${SRCROOT}/Pods/Target Support Files/Pods-PangeaMediaPicker/Pods-PangeaMediaPicker-resources.sh\"\n";
			showEnvVarsInLog = 0;
		};
		C48D0F505C2D9EE9DDBCCB75 /* [CP] Check Pods Manifest.lock */ = {
			isa = PBXShellScriptBuildPhase;
			buildActionMask = 2147483647;
			files = (
			);
			inputPaths = (
				"${PODS_PODFILE_DIR_PATH}/Podfile.lock",
				"${PODS_ROOT}/Manifest.lock",
			);
			name = "[CP] Check Pods Manifest.lock";
			outputPaths = (
				"$(DERIVED_FILE_DIR)/Pods-PangeaMediaPicker-checkManifestLockResult.txt",
			);
			runOnlyForDeploymentPostprocessing = 0;
			shellPath = /bin/sh;
			shellScript = "diff \"${PODS_PODFILE_DIR_PATH}/Podfile.lock\" \"${PODS_ROOT}/Manifest.lock\" > /dev/null\nif [ $? != 0 ] ; then\n    # print error to STDERR\n    echo \"error: The sandbox is not in sync with the Podfile.lock. Run 'pod install' or update your CocoaPods installation.\" >&2\n    exit 1\nfi\n# This output is used by Xcode 'outputs' to avoid re-running this script phase.\necho \"SUCCESS\" > \"${SCRIPT_OUTPUT_FILE_0}\"\n";
			showEnvVarsInLog = 0;
		};
		F049C94C9145BC3BF20F2E36 /* [CP] Check Pods Manifest.lock */ = {
			isa = PBXShellScriptBuildPhase;
			buildActionMask = 2147483647;
			files = (
			);
			inputPaths = (
				"${PODS_PODFILE_DIR_PATH}/Podfile.lock",
				"${PODS_ROOT}/Manifest.lock",
			);
			name = "[CP] Check Pods Manifest.lock";
			outputPaths = (
				"$(DERIVED_FILE_DIR)/Pods-PangeaMediaPickerTests-checkManifestLockResult.txt",
			);
			runOnlyForDeploymentPostprocessing = 0;
			shellPath = /bin/sh;
			shellScript = "diff \"${PODS_PODFILE_DIR_PATH}/Podfile.lock\" \"${PODS_ROOT}/Manifest.lock\" > /dev/null\nif [ $? != 0 ] ; then\n    # print error to STDERR\n    echo \"error: The sandbox is not in sync with the Podfile.lock. Run 'pod install' or update your CocoaPods installation.\" >&2\n    exit 1\nfi\n# This output is used by Xcode 'outputs' to avoid re-running this script phase.\necho \"SUCCESS\" > \"${SCRIPT_OUTPUT_FILE_0}\"\n";
			showEnvVarsInLog = 0;
		};
/* End PBXShellScriptBuildPhase section */

/* Begin PBXSourcesBuildPhase section */
		CF8F9E181F5413A800B773C4 /* Sources */ = {
			isa = PBXSourcesBuildPhase;
			buildActionMask = 2147483647;
			files = (
				CF02F2CB1F60F2A500403583 /* AlbumListViewCell.swift in Sources */,
				CFB21CE21F7A2A590091DEFD /* BrowserViewController.swift in Sources */,
				CF02F2CC1F60F2A500403583 /* BrowserCell.swift in Sources */,
				CF3AC2F71F6F9BCE0071AB08 /* MediaPickerViewControllerExtension.swift in Sources */,
				CF8F9E221F5413A800B773C4 /* ViewController.swift in Sources */,
				CF8F9E201F5413A800B773C4 /* AppDelegate.swift in Sources */,
				CF02F2CD1F60F2A500403583 /* GridViewCell.swift in Sources */,
				CF02F2C91F60F2A500403583 /* MediaPickerViewController.swift in Sources */,
			);
			runOnlyForDeploymentPostprocessing = 0;
		};
		CF8F9E2C1F5413A800B773C4 /* Sources */ = {
			isa = PBXSourcesBuildPhase;
			buildActionMask = 2147483647;
			files = (
				CF8F9E351F5413A800B773C4 /* PangeaMediaPickerTests.swift in Sources */,
			);
			runOnlyForDeploymentPostprocessing = 0;
		};
		CF8F9E371F5413A900B773C4 /* Sources */ = {
			isa = PBXSourcesBuildPhase;
			buildActionMask = 2147483647;
			files = (
				CF8F9E401F5413A900B773C4 /* PangeaMediaPickerUITests.swift in Sources */,
			);
			runOnlyForDeploymentPostprocessing = 0;
		};
/* End PBXSourcesBuildPhase section */

/* Begin PBXTargetDependency section */
		CF8F9E321F5413A800B773C4 /* PBXTargetDependency */ = {
			isa = PBXTargetDependency;
			target = CF8F9E1B1F5413A800B773C4 /* PangeaMediaPicker */;
			targetProxy = CF8F9E311F5413A800B773C4 /* PBXContainerItemProxy */;
		};
		CF8F9E3D1F5413A900B773C4 /* PBXTargetDependency */ = {
			isa = PBXTargetDependency;
			target = CF8F9E1B1F5413A800B773C4 /* PangeaMediaPicker */;
			targetProxy = CF8F9E3C1F5413A900B773C4 /* PBXContainerItemProxy */;
		};
/* End PBXTargetDependency section */

/* Begin PBXVariantGroup section */
		CF8F9E231F5413A800B773C4 /* Main.storyboard */ = {
			isa = PBXVariantGroup;
			children = (
				CF8F9E241F5413A800B773C4 /* Base */,
			);
			name = Main.storyboard;
			sourceTree = "<group>";
		};
		CF8F9E281F5413A800B773C4 /* LaunchScreen.storyboard */ = {
			isa = PBXVariantGroup;
			children = (
				CF8F9E291F5413A800B773C4 /* Base */,
			);
			name = LaunchScreen.storyboard;
			sourceTree = "<group>";
		};
/* End PBXVariantGroup section */

/* Begin XCBuildConfiguration section */
		CF8F9E421F5413A900B773C4 /* Debug */ = {
			isa = XCBuildConfiguration;
			buildSettings = {
				ALWAYS_SEARCH_USER_PATHS = NO;
				CLANG_ANALYZER_NONNULL = YES;
				CLANG_ANALYZER_NUMBER_OBJECT_CONVERSION = YES_AGGRESSIVE;
				CLANG_CXX_LANGUAGE_STANDARD = "gnu++0x";
				CLANG_CXX_LIBRARY = "libc++";
				CLANG_ENABLE_MODULES = YES;
				CLANG_ENABLE_OBJC_ARC = YES;
				CLANG_WARN_BLOCK_CAPTURE_AUTORELEASING = YES;
				CLANG_WARN_BOOL_CONVERSION = YES;
				CLANG_WARN_COMMA = YES;
				CLANG_WARN_CONSTANT_CONVERSION = YES;
				CLANG_WARN_DIRECT_OBJC_ISA_USAGE = YES_ERROR;
				CLANG_WARN_DOCUMENTATION_COMMENTS = YES;
				CLANG_WARN_EMPTY_BODY = YES;
				CLANG_WARN_ENUM_CONVERSION = YES;
				CLANG_WARN_INFINITE_RECURSION = YES;
				CLANG_WARN_INT_CONVERSION = YES;
				CLANG_WARN_NON_LITERAL_NULL_CONVERSION = YES;
				CLANG_WARN_OBJC_LITERAL_CONVERSION = YES;
				CLANG_WARN_OBJC_ROOT_CLASS = YES_ERROR;
				CLANG_WARN_RANGE_LOOP_ANALYSIS = YES;
				CLANG_WARN_STRICT_PROTOTYPES = YES;
				CLANG_WARN_SUSPICIOUS_MOVE = YES;
				CLANG_WARN_UNREACHABLE_CODE = YES;
				CLANG_WARN__DUPLICATE_METHOD_MATCH = YES;
				"CODE_SIGN_IDENTITY[sdk=iphoneos*]" = "iPhone Developer";
				COPY_PHASE_STRIP = NO;
				DEBUG_INFORMATION_FORMAT = dwarf;
				ENABLE_STRICT_OBJC_MSGSEND = YES;
				ENABLE_TESTABILITY = YES;
				GCC_C_LANGUAGE_STANDARD = gnu99;
				GCC_DYNAMIC_NO_PIC = NO;
				GCC_NO_COMMON_BLOCKS = YES;
				GCC_OPTIMIZATION_LEVEL = 0;
				GCC_PREPROCESSOR_DEFINITIONS = (
					"DEBUG=1",
					"$(inherited)",
				);
				GCC_WARN_64_TO_32_BIT_CONVERSION = YES;
				GCC_WARN_ABOUT_RETURN_TYPE = YES_ERROR;
				GCC_WARN_UNDECLARED_SELECTOR = YES;
				GCC_WARN_UNINITIALIZED_AUTOS = YES_AGGRESSIVE;
				GCC_WARN_UNUSED_FUNCTION = YES;
				GCC_WARN_UNUSED_VARIABLE = YES;
				IPHONEOS_DEPLOYMENT_TARGET = 9.1;
				MTL_ENABLE_DEBUG_INFO = YES;
				ONLY_ACTIVE_ARCH = YES;
				SDKROOT = iphoneos;
				SWIFT_ACTIVE_COMPILATION_CONDITIONS = DEBUG;
				SWIFT_OPTIMIZATION_LEVEL = "-Onone";
				SWIFT_VERSION = 4.0;
				TARGETED_DEVICE_FAMILY = "1,2";
			};
			name = Debug;
		};
		CF8F9E431F5413A900B773C4 /* Release */ = {
			isa = XCBuildConfiguration;
			buildSettings = {
				ALWAYS_SEARCH_USER_PATHS = NO;
				CLANG_ANALYZER_NONNULL = YES;
				CLANG_ANALYZER_NUMBER_OBJECT_CONVERSION = YES_AGGRESSIVE;
				CLANG_CXX_LANGUAGE_STANDARD = "gnu++0x";
				CLANG_CXX_LIBRARY = "libc++";
				CLANG_ENABLE_MODULES = YES;
				CLANG_ENABLE_OBJC_ARC = YES;
				CLANG_WARN_BLOCK_CAPTURE_AUTORELEASING = YES;
				CLANG_WARN_BOOL_CONVERSION = YES;
				CLANG_WARN_COMMA = YES;
				CLANG_WARN_CONSTANT_CONVERSION = YES;
				CLANG_WARN_DIRECT_OBJC_ISA_USAGE = YES_ERROR;
				CLANG_WARN_DOCUMENTATION_COMMENTS = YES;
				CLANG_WARN_EMPTY_BODY = YES;
				CLANG_WARN_ENUM_CONVERSION = YES;
				CLANG_WARN_INFINITE_RECURSION = YES;
				CLANG_WARN_INT_CONVERSION = YES;
				CLANG_WARN_NON_LITERAL_NULL_CONVERSION = YES;
				CLANG_WARN_OBJC_LITERAL_CONVERSION = YES;
				CLANG_WARN_OBJC_ROOT_CLASS = YES_ERROR;
				CLANG_WARN_RANGE_LOOP_ANALYSIS = YES;
				CLANG_WARN_STRICT_PROTOTYPES = YES;
				CLANG_WARN_SUSPICIOUS_MOVE = YES;
				CLANG_WARN_UNREACHABLE_CODE = YES;
				CLANG_WARN__DUPLICATE_METHOD_MATCH = YES;
				"CODE_SIGN_IDENTITY[sdk=iphoneos*]" = "iPhone Developer";
				COPY_PHASE_STRIP = NO;
				DEBUG_INFORMATION_FORMAT = "dwarf-with-dsym";
				ENABLE_NS_ASSERTIONS = NO;
				ENABLE_STRICT_OBJC_MSGSEND = YES;
				GCC_C_LANGUAGE_STANDARD = gnu99;
				GCC_NO_COMMON_BLOCKS = YES;
				GCC_WARN_64_TO_32_BIT_CONVERSION = YES;
				GCC_WARN_ABOUT_RETURN_TYPE = YES_ERROR;
				GCC_WARN_UNDECLARED_SELECTOR = YES;
				GCC_WARN_UNINITIALIZED_AUTOS = YES_AGGRESSIVE;
				GCC_WARN_UNUSED_FUNCTION = YES;
				GCC_WARN_UNUSED_VARIABLE = YES;
				IPHONEOS_DEPLOYMENT_TARGET = 9.1;
				MTL_ENABLE_DEBUG_INFO = NO;
				SDKROOT = iphoneos;
				SWIFT_OPTIMIZATION_LEVEL = "-Owholemodule";
				SWIFT_VERSION = 4.0;
				TARGETED_DEVICE_FAMILY = "1,2";
				VALIDATE_PRODUCT = YES;
			};
			name = Release;
		};
		CF8F9E451F5413A900B773C4 /* Debug */ = {
			isa = XCBuildConfiguration;
			baseConfigurationReference = 22AC93AC5EFA433303696F31 /* Pods-PangeaMediaPicker.debug.xcconfig */;
			buildSettings = {
				ASSETCATALOG_COMPILER_APPICON_NAME = AppIcon;
				DEVELOPMENT_TEAM = R52VREQE88;
				INFOPLIST_FILE = PangeaMediaPicker/Info.plist;
				IPHONEOS_DEPLOYMENT_TARGET = 9.1;
				LD_RUNPATH_SEARCH_PATHS = "$(inherited) @executable_path/Frameworks";
				PRODUCT_BUNDLE_IDENTIFIER = picker.PangeaMediaPicker;
				PRODUCT_NAME = "$(TARGET_NAME)";
				SWIFT_SWIFT3_OBJC_INFERENCE = Default;
				SWIFT_VERSION = 4.0;
			};
			name = Debug;
		};
		CF8F9E461F5413A900B773C4 /* Release */ = {
			isa = XCBuildConfiguration;
			baseConfigurationReference = A1AAF0CE7EE4EFFC5466D22B /* Pods-PangeaMediaPicker.release.xcconfig */;
			buildSettings = {
				ASSETCATALOG_COMPILER_APPICON_NAME = AppIcon;
				DEVELOPMENT_TEAM = R52VREQE88;
				INFOPLIST_FILE = PangeaMediaPicker/Info.plist;
				IPHONEOS_DEPLOYMENT_TARGET = 9.1;
				LD_RUNPATH_SEARCH_PATHS = "$(inherited) @executable_path/Frameworks";
				PRODUCT_BUNDLE_IDENTIFIER = picker.PangeaMediaPicker;
				PRODUCT_NAME = "$(TARGET_NAME)";
				SWIFT_SWIFT3_OBJC_INFERENCE = Default;
				SWIFT_VERSION = 4.0;
			};
			name = Release;
		};
		CF8F9E481F5413A900B773C4 /* Debug */ = {
			isa = XCBuildConfiguration;
			baseConfigurationReference = C465B0BCFE97BD481C587250 /* Pods-PangeaMediaPickerTests.debug.xcconfig */;
			buildSettings = {
				ALWAYS_EMBED_SWIFT_STANDARD_LIBRARIES = YES;
				BUNDLE_LOADER = "$(TEST_HOST)";
				DEVELOPMENT_TEAM = 3Z6QJG39W3;
				INFOPLIST_FILE = PangeaMediaPickerTests/Info.plist;
				LD_RUNPATH_SEARCH_PATHS = "$(inherited) @executable_path/Frameworks @loader_path/Frameworks";
				PRODUCT_BUNDLE_IDENTIFIER = picker.PangeaMediaPickerTests;
				PRODUCT_NAME = "$(TARGET_NAME)";
				SWIFT_SWIFT3_OBJC_INFERENCE = On;
				SWIFT_VERSION = 4.0;
				TEST_HOST = "$(BUILT_PRODUCTS_DIR)/PangeaMediaPicker.app/PangeaMediaPicker";
			};
			name = Debug;
		};
		CF8F9E491F5413A900B773C4 /* Release */ = {
			isa = XCBuildConfiguration;
			baseConfigurationReference = DF5ABB3683731835766D92E1 /* Pods-PangeaMediaPickerTests.release.xcconfig */;
			buildSettings = {
				ALWAYS_EMBED_SWIFT_STANDARD_LIBRARIES = YES;
				BUNDLE_LOADER = "$(TEST_HOST)";
				DEVELOPMENT_TEAM = 3Z6QJG39W3;
				INFOPLIST_FILE = PangeaMediaPickerTests/Info.plist;
				LD_RUNPATH_SEARCH_PATHS = "$(inherited) @executable_path/Frameworks @loader_path/Frameworks";
				PRODUCT_BUNDLE_IDENTIFIER = picker.PangeaMediaPickerTests;
				PRODUCT_NAME = "$(TARGET_NAME)";
				SWIFT_SWIFT3_OBJC_INFERENCE = On;
				SWIFT_VERSION = 4.0;
				TEST_HOST = "$(BUILT_PRODUCTS_DIR)/PangeaMediaPicker.app/PangeaMediaPicker";
			};
			name = Release;
		};
		CF8F9E4B1F5413A900B773C4 /* Debug */ = {
			isa = XCBuildConfiguration;
			baseConfigurationReference = 58E1030009F20F96A5DEE47F /* Pods-PangeaMediaPickerUITests.debug.xcconfig */;
			buildSettings = {
				ALWAYS_EMBED_SWIFT_STANDARD_LIBRARIES = YES;
				DEVELOPMENT_TEAM = 3Z6QJG39W3;
				INFOPLIST_FILE = PangeaMediaPickerUITests/Info.plist;
				LD_RUNPATH_SEARCH_PATHS = "$(inherited) @executable_path/Frameworks @loader_path/Frameworks";
				PRODUCT_BUNDLE_IDENTIFIER = picker.PangeaMediaPickerUITests;
				PRODUCT_NAME = "$(TARGET_NAME)";
				SWIFT_SWIFT3_OBJC_INFERENCE = On;
				SWIFT_VERSION = 4.0;
				TEST_TARGET_NAME = PangeaMediaPicker;
			};
			name = Debug;
		};
		CF8F9E4C1F5413A900B773C4 /* Release */ = {
			isa = XCBuildConfiguration;
			baseConfigurationReference = E36A646549F0D7FE063C6385 /* Pods-PangeaMediaPickerUITests.release.xcconfig */;
			buildSettings = {
				ALWAYS_EMBED_SWIFT_STANDARD_LIBRARIES = YES;
				DEVELOPMENT_TEAM = 3Z6QJG39W3;
				INFOPLIST_FILE = PangeaMediaPickerUITests/Info.plist;
				LD_RUNPATH_SEARCH_PATHS = "$(inherited) @executable_path/Frameworks @loader_path/Frameworks";
				PRODUCT_BUNDLE_IDENTIFIER = picker.PangeaMediaPickerUITests;
				PRODUCT_NAME = "$(TARGET_NAME)";
				SWIFT_SWIFT3_OBJC_INFERENCE = On;
				SWIFT_VERSION = 4.0;
				TEST_TARGET_NAME = PangeaMediaPicker;
			};
			name = Release;
		};
/* End XCBuildConfiguration section */

/* Begin XCConfigurationList section */
		CF8F9E171F5413A800B773C4 /* Build configuration list for PBXProject "PangeaMediaPicker" */ = {
			isa = XCConfigurationList;
			buildConfigurations = (
				CF8F9E421F5413A900B773C4 /* Debug */,
				CF8F9E431F5413A900B773C4 /* Release */,
			);
			defaultConfigurationIsVisible = 0;
			defaultConfigurationName = Release;
		};
		CF8F9E441F5413A900B773C4 /* Build configuration list for PBXNativeTarget "PangeaMediaPicker" */ = {
			isa = XCConfigurationList;
			buildConfigurations = (
				CF8F9E451F5413A900B773C4 /* Debug */,
				CF8F9E461F5413A900B773C4 /* Release */,
			);
			defaultConfigurationIsVisible = 0;
			defaultConfigurationName = Release;
		};
		CF8F9E471F5413A900B773C4 /* Build configuration list for PBXNativeTarget "PangeaMediaPickerTests" */ = {
			isa = XCConfigurationList;
			buildConfigurations = (
				CF8F9E481F5413A900B773C4 /* Debug */,
				CF8F9E491F5413A900B773C4 /* Release */,
			);
			defaultConfigurationIsVisible = 0;
			defaultConfigurationName = Release;
		};
		CF8F9E4A1F5413A900B773C4 /* Build configuration list for PBXNativeTarget "PangeaMediaPickerUITests" */ = {
			isa = XCConfigurationList;
			buildConfigurations = (
				CF8F9E4B1F5413A900B773C4 /* Debug */,
				CF8F9E4C1F5413A900B773C4 /* Release */,
			);
			defaultConfigurationIsVisible = 0;
			defaultConfigurationName = Release;
		};
/* End XCConfigurationList section */
	};
	rootObject = CF8F9E141F5413A800B773C4 /* Project object */;
}
